// !$*UTF8*$!
{
	archiveVersion = 1;
	classes = {
	};
	objectVersion = 48;
	objects = {

/* Begin PBXBuildFile section */
		DE1DE874202B2D7C00943D3A /* AppDelegate.swift in Sources */ = {isa = PBXBuildFile; fileRef = DE1DE873202B2D7C00943D3A /* AppDelegate.swift */; };
		DE1DE876202B2D7C00943D3A /* TodoListViewController.swift in Sources */ = {isa = PBXBuildFile; fileRef = DE1DE875202B2D7C00943D3A /* TodoListViewController.swift */; };
		DE1DE879202B2D7C00943D3A /* Main.storyboard in Resources */ = {isa = PBXBuildFile; fileRef = DE1DE877202B2D7C00943D3A /* Main.storyboard */; };
		DE1DE87B202B2D7C00943D3A /* Assets.xcassets in Resources */ = {isa = PBXBuildFile; fileRef = DE1DE87A202B2D7C00943D3A /* Assets.xcassets */; };
		DE1DE87E202B2D7C00943D3A /* LaunchScreen.storyboard in Resources */ = {isa = PBXBuildFile; fileRef = DE1DE87C202B2D7C00943D3A /* LaunchScreen.storyboard */; };
		DE3EC0F7208A09F500922514 /* CategoryViewController.swift in Sources */ = {isa = PBXBuildFile; fileRef = DE3EC0F6208A09F500922514 /* CategoryViewController.swift */; };
		DE4EE3CD210B3C8700347A55 /* Category.swift in Sources */ = {isa = PBXBuildFile; fileRef = DE4EE3CB210B3C8700347A55 /* Category.swift */; };
		DE4EE3CE210B3C8700347A55 /* Item.swift in Sources */ = {isa = PBXBuildFile; fileRef = DE4EE3CC210B3C8700347A55 /* Item.swift */; };
		DFE20E406825FCA7574B1803 /* Pods_Todoey.framework in Frameworks */ = {isa = PBXBuildFile; fileRef = 96A1E10B54D50F81EFD70ADF /* Pods_Todoey.framework */; };
/* End PBXBuildFile section */

/* Begin PBXFileReference section */
		1261F1A86922BAD9193AA739 /* Pods-Todoey.debug.xcconfig */ = {isa = PBXFileReference; includeInIndex = 1; lastKnownFileType = text.xcconfig; name = "Pods-Todoey.debug.xcconfig"; path = "Pods/Target Support Files/Pods-Todoey/Pods-Todoey.debug.xcconfig"; sourceTree = "<group>"; };
		42B1B665ADFF6B0D6C77FAF6 /* Pods-Todoey.release.xcconfig */ = {isa = PBXFileReference; includeInIndex = 1; lastKnownFileType = text.xcconfig; name = "Pods-Todoey.release.xcconfig"; path = "Pods/Target Support Files/Pods-Todoey/Pods-Todoey.release.xcconfig"; sourceTree = "<group>"; };
		96A1E10B54D50F81EFD70ADF /* Pods_Todoey.framework */ = {isa = PBXFileReference; explicitFileType = wrapper.framework; includeInIndex = 0; path = Pods_Todoey.framework; sourceTree = BUILT_PRODUCTS_DIR; };
		DE1DE870202B2D7C00943D3A /* Todoey.app */ = {isa = PBXFileReference; explicitFileType = wrapper.application; includeInIndex = 0; path = Todoey.app; sourceTree = BUILT_PRODUCTS_DIR; };
		DE1DE873202B2D7C00943D3A /* AppDelegate.swift */ = {isa = PBXFileReference; lastKnownFileType = sourcecode.swift; path = AppDelegate.swift; sourceTree = "<group>"; };
		DE1DE875202B2D7C00943D3A /* TodoListViewController.swift */ = {isa = PBXFileReference; lastKnownFileType = sourcecode.swift; path = TodoListViewController.swift; sourceTree = "<group>"; };
		DE1DE878202B2D7C00943D3A /* Base */ = {isa = PBXFileReference; lastKnownFileType = file.storyboard; name = Base; path = Base.lproj/Main.storyboard; sourceTree = "<group>"; };
		DE1DE87A202B2D7C00943D3A /* Assets.xcassets */ = {isa = PBXFileReference; lastKnownFileType = folder.assetcatalog; path = Assets.xcassets; sourceTree = "<group>"; };
		DE1DE87D202B2D7C00943D3A /* Base */ = {isa = PBXFileReference; lastKnownFileType = file.storyboard; name = Base; path = Base.lproj/LaunchScreen.storyboard; sourceTree = "<group>"; };
		DE1DE87F202B2D7C00943D3A /* Info.plist */ = {isa = PBXFileReference; lastKnownFileType = text.plist.xml; path = Info.plist; sourceTree = "<group>"; };
		DE3EC0F6208A09F500922514 /* CategoryViewController.swift */ = {isa = PBXFileReference; lastKnownFileType = sourcecode.swift; path = CategoryViewController.swift; sourceTree = "<group>"; };
		DE4EE3CB210B3C8700347A55 /* Category.swift */ = {isa = PBXFileReference; fileEncoding = 4; lastKnownFileType = sourcecode.swift; path = Category.swift; sourceTree = "<group>"; };
		DE4EE3CC210B3C8700347A55 /* Item.swift */ = {isa = PBXFileReference; fileEncoding = 4; lastKnownFileType = sourcecode.swift; path = Item.swift; sourceTree = "<group>"; };
/* End PBXFileReference section */

/* Begin PBXFrameworksBuildPhase section */
		DE1DE86D202B2D7C00943D3A /* Frameworks */ = {
			isa = PBXFrameworksBuildPhase;
			buildActionMask = 2147483647;
			files = (
				DFE20E406825FCA7574B1803 /* Pods_Todoey.framework in Frameworks */,
			);
			runOnlyForDeploymentPostprocessing = 0;
		};
/* End PBXFrameworksBuildPhase section */

/* Begin PBXGroup section */
		4879B40D0E9471754E97F87E /* Pods */ = {
			isa = PBXGroup;
			children = (
				1261F1A86922BAD9193AA739 /* Pods-Todoey.debug.xcconfig */,
				42B1B665ADFF6B0D6C77FAF6 /* Pods-Todoey.release.xcconfig */,
			);
			name = Pods;
			sourceTree = "<group>";
		};
		8411DE2BCAB35E9497275BF7 /* Frameworks */ = {
			isa = PBXGroup;
			children = (
				96A1E10B54D50F81EFD70ADF /* Pods_Todoey.framework */,
			);
			name = Frameworks;
			sourceTree = "<group>";
		};
		DE1DE867202B2D7C00943D3A = {
			isa = PBXGroup;
			children = (
				DE1DE872202B2D7C00943D3A /* Todoey */,
				DE1DE871202B2D7C00943D3A /* Products */,
				4879B40D0E9471754E97F87E /* Pods */,
				8411DE2BCAB35E9497275BF7 /* Frameworks */,
			);
			sourceTree = "<group>";
		};
		DE1DE871202B2D7C00943D3A /* Products */ = {
			isa = PBXGroup;
			children = (
				DE1DE870202B2D7C00943D3A /* Todoey.app */,
			);
			name = Products;
			sourceTree = "<group>";
		};
		DE1DE872202B2D7C00943D3A /* Todoey */ = {
			isa = PBXGroup;
			children = (
				DE1DE873202B2D7C00943D3A /* AppDelegate.swift */,
				DEB16C24205FED3A00F12E1A /* Controllers */,
				DEB16C23205FED2800F12E1A /* Model */,
				DEB16C25205FED5A00F12E1A /* Views */,
				DEB16C26205FED6800F12E1A /* Supporting Files */,
				DE1DE87F202B2D7C00943D3A /* Info.plist */,
			);
			path = Todoey;
			sourceTree = "<group>";
		};
		DEB16C23205FED2800F12E1A /* Model */ = {
			isa = PBXGroup;
			children = (
				DE4EE3CB210B3C8700347A55 /* Category.swift */,
				DE4EE3CC210B3C8700347A55 /* Item.swift */,
			);
			path = Model;
			sourceTree = "<group>";
		};
		DEB16C24205FED3A00F12E1A /* Controllers */ = {
			isa = PBXGroup;
			children = (
				DE3EC0F6208A09F500922514 /* CategoryViewController.swift */,
				DE1DE875202B2D7C00943D3A /* TodoListViewController.swift */,
			);
			path = Controllers;
			sourceTree = "<group>";
		};
		DEB16C25205FED5A00F12E1A /* Views */ = {
			isa = PBXGroup;
			children = (
				DE1DE877202B2D7C00943D3A /* Main.storyboard */,
			);
			path = Views;
			sourceTree = "<group>";
		};
		DEB16C26205FED6800F12E1A /* Supporting Files */ = {
			isa = PBXGroup;
			children = (
				DE1DE87A202B2D7C00943D3A /* Assets.xcassets */,
				DE1DE87C202B2D7C00943D3A /* LaunchScreen.storyboard */,
			);
			path = "Supporting Files";
			sourceTree = "<group>";
		};
/* End PBXGroup section */

/* Begin PBXNativeTarget section */
		DE1DE86F202B2D7C00943D3A /* Todoey */ = {
			isa = PBXNativeTarget;
			buildConfigurationList = DE1DE882202B2D7C00943D3A /* Build configuration list for PBXNativeTarget "Todoey" */;
			buildPhases = (
				4FE241A1AA4200EF14BED3BF /* [CP] Check Pods Manifest.lock */,
				DE1DE86C202B2D7C00943D3A /* Sources */,
				DE1DE86D202B2D7C00943D3A /* Frameworks */,
				DE1DE86E202B2D7C00943D3A /* Resources */,
				4345F9FBC94257F067B80024 /* [CP] Embed Pods Frameworks */,
				FDA415EEB032773C77F74A39 /* [CP] Copy Pods Resources */,
			);
			buildRules = (
			);
			dependencies = (
			);
			name = Todoey;
			productName = Todoey;
			productReference = DE1DE870202B2D7C00943D3A /* Todoey.app */;
			productType = "com.apple.product-type.application";
		};
/* End PBXNativeTarget section */

/* Begin PBXProject section */
		DE1DE868202B2D7C00943D3A /* Project object */ = {
			isa = PBXProject;
			attributes = {
				LastSwiftUpdateCheck = 0920;
				LastUpgradeCheck = 0930;
				ORGANIZATIONNAME = "Terry Lansdown";
				TargetAttributes = {
					DE1DE86F202B2D7C00943D3A = {
						CreatedOnToolsVersion = 9.2;
						ProvisioningStyle = Automatic;
					};
				};
			};
			buildConfigurationList = DE1DE86B202B2D7C00943D3A /* Build configuration list for PBXProject "Todoey" */;
			compatibilityVersion = "Xcode 8.0";
			developmentRegion = en;
			hasScannedForEncodings = 0;
			knownRegions = (
				en,
				Base,
			);
			mainGroup = DE1DE867202B2D7C00943D3A;
			productRefGroup = DE1DE871202B2D7C00943D3A /* Products */;
			projectDirPath = "";
			projectRoot = "";
			targets = (
				DE1DE86F202B2D7C00943D3A /* Todoey */,
			);
		};
/* End PBXProject section */

/* Begin PBXResourcesBuildPhase section */
		DE1DE86E202B2D7C00943D3A /* Resources */ = {
			isa = PBXResourcesBuildPhase;
			buildActionMask = 2147483647;
			files = (
				DE1DE87E202B2D7C00943D3A /* LaunchScreen.storyboard in Resources */,
				DE1DE87B202B2D7C00943D3A /* Assets.xcassets in Resources */,
				DE1DE879202B2D7C00943D3A /* Main.storyboard in Resources */,
			);
			runOnlyForDeploymentPostprocessing = 0;
		};
/* End PBXResourcesBuildPhase section */

/* Begin PBXShellScriptBuildPhase section */
		4345F9FBC94257F067B80024 /* [CP] Embed Pods Frameworks */ = {
			isa = PBXShellScriptBuildPhase;
			buildActionMask = 2147483647;
			files = (
			);
			inputPaths = (
				"${SRCROOT}/Pods/Target Support Files/Pods-Todoey/Pods-Todoey-frameworks.sh",
				"${BUILT_PRODUCTS_DIR}/Realm/Realm.framework",
				"${BUILT_PRODUCTS_DIR}/RealmSwift/RealmSwift.framework",
			);
			name = "[CP] Embed Pods Frameworks";
			outputPaths = (
				"${TARGET_BUILD_DIR}/${FRAMEWORKS_FOLDER_PATH}/Realm.framework",
				"${TARGET_BUILD_DIR}/${FRAMEWORKS_FOLDER_PATH}/RealmSwift.framework",
			);
			runOnlyForDeploymentPostprocessing = 0;
			shellPath = /bin/sh;
			shellScript = "\"${SRCROOT}/Pods/Target Support Files/Pods-Todoey/Pods-Todoey-frameworks.sh\"\n";
			showEnvVarsInLog = 0;
		};
		4FE241A1AA4200EF14BED3BF /* [CP] Check Pods Manifest.lock */ = {
			isa = PBXShellScriptBuildPhase;
			buildActionMask = 2147483647;
			files = (
			);
			inputPaths = (
				"${PODS_PODFILE_DIR_PATH}/Podfile.lock",
				"${PODS_ROOT}/Manifest.lock",
			);
			name = "[CP] Check Pods Manifest.lock";
			outputPaths = (
				"$(DERIVED_FILE_DIR)/Pods-Todoey-checkManifestLockResult.txt",
			);
			runOnlyForDeploymentPostprocessing = 0;
			shellPath = /bin/sh;
			shellScript = "diff \"${PODS_PODFILE_DIR_PATH}/Podfile.lock\" \"${PODS_ROOT}/Manifest.lock\" > /dev/null\nif [ $? != 0 ] ; then\n    # print error to STDERR\n    echo \"error: The sandbox is not in sync with the Podfile.lock. Run 'pod install' or update your CocoaPods installation.\" >&2\n    exit 1\nfi\n# This output is used by Xcode 'outputs' to avoid re-running this script phase.\necho \"SUCCESS\" > \"${SCRIPT_OUTPUT_FILE_0}\"\n";
			showEnvVarsInLog = 0;
		};
		FDA415EEB032773C77F74A39 /* [CP] Copy Pods Resources */ = {
			isa = PBXShellScriptBuildPhase;
			buildActionMask = 2147483647;
			files = (
			);
			inputPaths = (
			);
			name = "[CP] Copy Pods Resources";
			outputPaths = (
			);
			runOnlyForDeploymentPostprocessing = 0;
			shellPath = /bin/sh;
			shellScript = "\"${SRCROOT}/Pods/Target Support Files/Pods-Todoey/Pods-Todoey-resources.sh\"\n";
			showEnvVarsInLog = 0;
		};
/* End PBXShellScriptBuildPhase section */

/* Begin PBXSourcesBuildPhase section */
		DE1DE86C202B2D7C00943D3A /* Sources */ = {
			isa = PBXSourcesBuildPhase;
			buildActionMask = 2147483647;
			files = (
				DE3EC0F7208A09F500922514 /* CategoryViewController.swift in Sources */,
				DE4EE3CD210B3C8700347A55 /* Category.swift in Sources */,
				DE1DE876202B2D7C00943D3A /* TodoListViewController.swift in Sources */,
				DE4EE3CE210B3C8700347A55 /* Item.swift in Sources */,
				DE1DE874202B2D7C00943D3A /* AppDelegate.swift in Sources */,
			);
			runOnlyForDeploymentPostprocessing = 0;
		};
/* End PBXSourcesBuildPhase section */

/* Begin PBXVariantGroup section */
		DE1DE877202B2D7C00943D3A /* Main.storyboard */ = {
			isa = PBXVariantGroup;
			children = (
				DE1DE878202B2D7C00943D3A /* Base */,
			);
			name = Main.storyboard;
			sourceTree = "<group>";
		};
		DE1DE87C202B2D7C00943D3A /* LaunchScreen.storyboard */ = {
			isa = PBXVariantGroup;
			children = (
				DE1DE87D202B2D7C00943D3A /* Base */,
			);
			name = LaunchScreen.storyboard;
			sourceTree = "<group>";
		};
/* End PBXVariantGroup section */

/* Begin XCBuildConfiguration section */
		DE1DE880202B2D7C00943D3A /* Debug */ = {
			isa = XCBuildConfiguration;
			buildSettings = {
				ALWAYS_SEARCH_USER_PATHS = NO;
				CLANG_ANALYZER_NONNULL = YES;
				CLANG_ANALYZER_NUMBER_OBJECT_CONVERSION = YES_AGGRESSIVE;
				CLANG_CXX_LANGUAGE_STANDARD = "gnu++14";
				CLANG_CXX_LIBRARY = "libc++";
				CLANG_ENABLE_MODULES = YES;
				CLANG_ENABLE_OBJC_ARC = YES;
				CLANG_WARN_BLOCK_CAPTURE_AUTORELEASING = YES;
				CLANG_WARN_BOOL_CONVERSION = YES;
				CLANG_WARN_COMMA = YES;
				CLANG_WARN_CONSTANT_CONVERSION = YES;
				CLANG_WARN_DEPRECATED_OBJC_IMPLEMENTATIONS = YES;
				CLANG_WARN_DIRECT_OBJC_ISA_USAGE = YES_ERROR;
				CLANG_WARN_DOCUMENTATION_COMMENTS = YES;
				CLANG_WARN_EMPTY_BODY = YES;
				CLANG_WARN_ENUM_CONVERSION = YES;
				CLANG_WARN_INFINITE_RECURSION = YES;
				CLANG_WARN_INT_CONVERSION = YES;
				CLANG_WARN_NON_LITERAL_NULL_CONVERSION = YES;
				CLANG_WARN_OBJC_IMPLICIT_RETAIN_SELF = YES;
				CLANG_WARN_OBJC_LITERAL_CONVERSION = YES;
				CLANG_WARN_OBJC_ROOT_CLASS = YES_ERROR;
				CLANG_WARN_RANGE_LOOP_ANALYSIS = YES;
				CLANG_WARN_STRICT_PROTOTYPES = YES;
				CLANG_WARN_SUSPICIOUS_MOVE = YES;
				CLANG_WARN_UNGUARDED_AVAILABILITY = YES_AGGRESSIVE;
				CLANG_WARN_UNREACHABLE_CODE = YES;
				CLANG_WARN__DUPLICATE_METHOD_MATCH = YES;
				CODE_SIGN_IDENTITY = "iPhone Developer";
				COPY_PHASE_STRIP = NO;
				DEBUG_INFORMATION_FORMAT = dwarf;
				ENABLE_STRICT_OBJC_MSGSEND = YES;
				ENABLE_TESTABILITY = YES;
				GCC_C_LANGUAGE_STANDARD = gnu11;
				GCC_DYNAMIC_NO_PIC = NO;
				GCC_NO_COMMON_BLOCKS = YES;
				GCC_OPTIMIZATION_LEVEL = 0;
				GCC_PREPROCESSOR_DEFINITIONS = (
					"DEBUG=1",
					"$(inherited)",
				);
				GCC_WARN_64_TO_32_BIT_CONVERSION = YES;
				GCC_WARN_ABOUT_RETURN_TYPE = YES_ERROR;
				GCC_WARN_UNDECLARED_SELECTOR = YES;
				GCC_WARN_UNINITIALIZED_AUTOS = YES_AGGRESSIVE;
				GCC_WARN_UNUSED_FUNCTION = YES;
				GCC_WARN_UNUSED_VARIABLE = YES;
				IPHONEOS_DEPLOYMENT_TARGET = 11.2;
				MTL_ENABLE_DEBUG_INFO = YES;
				ONLY_ACTIVE_ARCH = YES;
				SDKROOT = iphoneos;
				SWIFT_ACTIVE_COMPILATION_CONDITIONS = DEBUG;
				SWIFT_OPTIMIZATION_LEVEL = "-Onone";
			};
			name = Debug;
		};
		DE1DE881202B2D7C00943D3A /* Release */ = {
			isa = XCBuildConfiguration;
			buildSettings = {
				ALWAYS_SEARCH_USER_PATHS = NO;
				CLANG_ANALYZER_NONNULL = YES;
				CLANG_ANALYZER_NUMBER_OBJECT_CONVERSION = YES_AGGRESSIVE;
				CLANG_CXX_LANGUAGE_STANDARD = "gnu++14";
				CLANG_CXX_LIBRARY = "libc++";
				CLANG_ENABLE_MODULES = YES;
				CLANG_ENABLE_OBJC_ARC = YES;
				CLANG_WARN_BLOCK_CAPTURE_AUTORELEASING = YES;
				CLANG_WARN_BOOL_CONVERSION = YES;
				CLANG_WARN_COMMA = YES;
				CLANG_WARN_CONSTANT_CONVERSION = YES;
				CLANG_WARN_DEPRECATED_OBJC_IMPLEMENTATIONS = YES;
				CLANG_WARN_DIRECT_OBJC_ISA_USAGE = YES_ERROR;
				CLANG_WARN_DOCUMENTATION_COMMENTS = YES;
				CLANG_WARN_EMPTY_BODY = YES;
				CLANG_WARN_ENUM_CONVERSION = YES;
				CLANG_WARN_INFINITE_RECURSION = YES;
				CLANG_WARN_INT_CONVERSION = YES;
				CLANG_WARN_NON_LITERAL_NULL_CONVERSION = YES;
				CLANG_WARN_OBJC_IMPLICIT_RETAIN_SELF = YES;
				CLANG_WARN_OBJC_LITERAL_CONVERSION = YES;
				CLANG_WARN_OBJC_ROOT_CLASS = YES_ERROR;
				CLANG_WARN_RANGE_LOOP_ANALYSIS = YES;
				CLANG_WARN_STRICT_PROTOTYPES = YES;
				CLANG_WARN_SUSPICIOUS_MOVE = YES;
				CLANG_WARN_UNGUARDED_AVAILABILITY = YES_AGGRESSIVE;
				CLANG_WARN_UNREACHABLE_CODE = YES;
				CLANG_WARN__DUPLICATE_METHOD_MATCH = YES;
				CODE_SIGN_IDENTITY = "iPhone Developer";
				COPY_PHASE_STRIP = NO;
				DEBUG_INFORMATION_FORMAT = "dwarf-with-dsym";
				ENABLE_NS_ASSERTIONS = NO;
				ENABLE_STRICT_OBJC_MSGSEND = YES;
				GCC_C_LANGUAGE_STANDARD = gnu11;
				GCC_NO_COMMON_BLOCKS = YES;
				GCC_WARN_64_TO_32_BIT_CONVERSION = YES;
				GCC_WARN_ABOUT_RETURN_TYPE = YES_ERROR;
				GCC_WARN_UNDECLARED_SELECTOR = YES;
				GCC_WARN_UNINITIALIZED_AUTOS = YES_AGGRESSIVE;
				GCC_WARN_UNUSED_FUNCTION = YES;
				GCC_WARN_UNUSED_VARIABLE = YES;
				IPHONEOS_DEPLOYMENT_TARGET = 11.2;
				MTL_ENABLE_DEBUG_INFO = NO;
				SDKROOT = iphoneos;
				SWIFT_OPTIMIZATION_LEVEL = "-Owholemodule";
				VALIDATE_PRODUCT = YES;
			};
			name = Release;
		};
		DE1DE883202B2D7C00943D3A /* Debug */ = {
			isa = XCBuildConfiguration;
			baseConfigurationReference = 1261F1A86922BAD9193AA739 /* Pods-Todoey.debug.xcconfig */;
			buildSettings = {
				ASSETCATALOG_COMPILER_APPICON_NAME = AppIcon;
				CODE_SIGN_STYLE = Automatic;
				DEVELOPMENT_TEAM = TRTKZM7394;
				INFOPLIST_FILE = Todoey/Info.plist;
				LD_RUNPATH_SEARCH_PATHS = "$(inherited) @executable_path/Frameworks";
				PRODUCT_BUNDLE_IDENTIFIER = lansdown.me.Todoey;
				PRODUCT_NAME = "$(TARGET_NAME)";
				SWIFT_VERSION = 4.0;
				TARGETED_DEVICE_FAMILY = "1,2";
			};
			name = Debug;
		};
		DE1DE884202B2D7C00943D3A /* Release */ = {
			isa = XCBuildConfiguration;
			baseConfigurationReference = 42B1B665ADFF6B0D6C77FAF6 /* Pods-Todoey.release.xcconfig */;
			buildSettings = {
				ASSETCATALOG_COMPILER_APPICON_NAME = AppIcon;
				CODE_SIGN_STYLE = Automatic;
				DEVELOPMENT_TEAM = TRTKZM7394;
				INFOPLIST_FILE = Todoey/Info.plist;
				LD_RUNPATH_SEARCH_PATHS = "$(inherited) @executable_path/Frameworks";
				PRODUCT_BUNDLE_IDENTIFIER = lansdown.me.Todoey;
				PRODUCT_NAME = "$(TARGET_NAME)";
				SWIFT_VERSION = 4.0;
				TARGETED_DEVICE_FAMILY = "1,2";
			};
			name = Release;
		};
/* End XCBuildConfiguration section */

/* Begin XCConfigurationList section */
		DE1DE86B202B2D7C00943D3A /* Build configuration list for PBXProject "Todoey" */ = {
			isa = XCConfigurationList;
			buildConfigurations = (
				DE1DE880202B2D7C00943D3A /* Debug */,
				DE1DE881202B2D7C00943D3A /* Release */,
			);
			defaultConfigurationIsVisible = 0;
			defaultConfigurationName = Release;
		};
		DE1DE882202B2D7C00943D3A /* Build configuration list for PBXNativeTarget "Todoey" */ = {
			isa = XCConfigurationList;
			buildConfigurations = (
				DE1DE883202B2D7C00943D3A /* Debug */,
				DE1DE884202B2D7C00943D3A /* Release */,
			);
			defaultConfigurationIsVisible = 0;
			defaultConfigurationName = Release;
		};
/* End XCConfigurationList section */
	};
	rootObject = DE1DE868202B2D7C00943D3A /* Project object */;
}
